
Microsoft Visual Studio Solution File, Format Version 12.00
# Visual Studio Version 16
VisualStudioVersion = 16.0.30114.105
MinimumVisualStudioVersion = 10.0.40219.1
Project("{2150E333-8FDC-42A3-9474-1A3956D46DE8}") = "src", "src", "{7A363536-007B-4EBF-93DD-230BE5F745AC}"
EndProject
Project("{FAE04EC0-301F-11D3-BF4B-00C04F79EFBC}") = "Dropbox.API", "Dropbox.API\Dropbox.API.csproj", "{9C9EC635-8868-41C4-8456-97A87D593D2F}"
EndProject
Project("{FAE04EC0-301F-11D3-BF4B-00C04F79EFBC}") = "Dropbox.Application", "Dropbox.Application\Dropbox.Application.csproj", "{217444DB-7A54-4675-8750-90E147A02695}"
EndProject
Project("{FAE04EC0-301F-11D3-BF4B-00C04F79EFBC}") = "Dropbox.Domain", "Dropbox.Domain\Dropbox.Domain.csproj", "{46EADA2C-9DC8-419C-86C6-1BA3FA9E5817}"
EndProject
Project("{FAE04EC0-301F-11D3-BF4B-00C04F79EFBC}") = "Dropbox.Infrastructure", "Dropbox.Infrastructure\Dropbox.Infrastructure.csproj", "{7B31ABB2-3D50-4A65-91FF-03C4F4249EC6}"
EndProject
Project("{E53339B2-1760-4266-BCC7-CA923CBCF16C}") = "docker-compose", "docker-compose.dcproj", "{CF3F2C9C-2743-4105-ACB1-DE38D6C4D09F}"
EndProject
Global
	GlobalSection(SolutionConfigurationPlatforms) = preSolution
		Debug|Any CPU = Debug|Any CPU
		Debug|x64 = Debug|x64
		Debug|x86 = Debug|x86
		Release|Any CPU = Release|Any CPU
		Release|x64 = Release|x64
		Release|x86 = Release|x86
	EndGlobalSection
	GlobalSection(ProjectConfigurationPlatforms) = postSolution
		{9C9EC635-8868-41C4-8456-97A87D593D2F}.Debug|Any CPU.ActiveCfg = Debug|Any CPU
		{9C9EC635-8868-41C4-8456-97A87D593D2F}.Debug|Any CPU.Build.0 = Debug|Any CPU
		{9C9EC635-8868-41C4-8456-97A87D593D2F}.Debug|x64.ActiveCfg = Debug|Any CPU
		{9C9EC635-8868-41C4-8456-97A87D593D2F}.Debug|x64.Build.0 = Debug|Any CPU
		{9C9EC635-8868-41C4-8456-97A87D593D2F}.Debug|x86.ActiveCfg = Debug|Any CPU
		{9C9EC635-8868-41C4-8456-97A87D593D2F}.Debug|x86.Build.0 = Debug|Any CPU
		{9C9EC635-8868-41C4-8456-97A87D593D2F}.Release|Any CPU.ActiveCfg = Release|Any CPU
		{9C9EC635-8868-41C4-8456-97A87D593D2F}.Release|Any CPU.Build.0 = Release|Any CPU
		{9C9EC635-8868-41C4-8456-97A87D593D2F}.Release|x64.ActiveCfg = Release|Any CPU
		{9C9EC635-8868-41C4-8456-97A87D593D2F}.Release|x64.Build.0 = Release|Any CPU
		{9C9EC635-8868-41C4-8456-97A87D593D2F}.Release|x86.ActiveCfg = Release|Any CPU
		{9C9EC635-8868-41C4-8456-97A87D593D2F}.Release|x86.Build.0 = Release|Any CPU
		{217444DB-7A54-4675-8750-90E147A02695}.Debug|Any CPU.ActiveCfg = Debug|Any CPU
		{217444DB-7A54-4675-8750-90E147A02695}.Debug|Any CPU.Build.0 = Debug|Any CPU
		{217444DB-7A54-4675-8750-90E147A02695}.Debug|x64.ActiveCfg = Debug|Any CPU
		{217444DB-7A54-4675-8750-90E147A02695}.Debug|x64.Build.0 = Debug|Any CPU
		{217444DB-7A54-4675-8750-90E147A02695}.Debug|x86.ActiveCfg = Debug|Any CPU
		{217444DB-7A54-4675-8750-90E147A02695}.Debug|x86.Build.0 = Debug|Any CPU
		{217444DB-7A54-4675-8750-90E147A02695}.Release|Any CPU.ActiveCfg = Release|Any CPU
		{217444DB-7A54-4675-8750-90E147A02695}.Release|Any CPU.Build.0 = Release|Any CPU
		{217444DB-7A54-4675-8750-90E147A02695}.Release|x64.ActiveCfg = Release|Any CPU
		{217444DB-7A54-4675-8750-90E147A02695}.Release|x64.Build.0 = Release|Any CPU
		{217444DB-7A54-4675-8750-90E147A02695}.Release|x86.ActiveCfg = Release|Any CPU
		{217444DB-7A54-4675-8750-90E147A02695}.Release|x86.Build.0 = Release|Any CPU
		{46EADA2C-9DC8-419C-86C6-1BA3FA9E5817}.Debug|Any CPU.ActiveCfg = Debug|Any CPU
		{46EADA2C-9DC8-419C-86C6-1BA3FA9E5817}.Debug|Any CPU.Build.0 = Debug|Any CPU
		{46EADA2C-9DC8-419C-86C6-1BA3FA9E5817}.Debug|x64.ActiveCfg = Debug|Any CPU
		{46EADA2C-9DC8-419C-86C6-1BA3FA9E5817}.Debug|x64.Build.0 = Debug|Any CPU
		{46EADA2C-9DC8-419C-86C6-1BA3FA9E5817}.Debug|x86.ActiveCfg = Debug|Any CPU
		{46EADA2C-9DC8-419C-86C6-1BA3FA9E5817}.Debug|x86.Build.0 = Debug|Any CPU
		{46EADA2C-9DC8-419C-86C6-1BA3FA9E5817}.Release|Any CPU.ActiveCfg = Release|Any CPU
		{46EADA2C-9DC8-419C-86C6-1BA3FA9E5817}.Release|Any CPU.Build.0 = Release|Any CPU
		{46EADA2C-9DC8-419C-86C6-1BA3FA9E5817}.Release|x64.ActiveCfg = Release|Any CPU
		{46EADA2C-9DC8-419C-86C6-1BA3FA9E5817}.Release|x64.Build.0 = Release|Any CPU
		{46EADA2C-9DC8-419C-86C6-1BA3FA9E5817}.Release|x86.ActiveCfg = Release|Any CPU
		{46EADA2C-9DC8-419C-86C6-1BA3FA9E5817}.Release|x86.Build.0 = Release|Any CPU
		{7B31ABB2-3D50-4A65-91FF-03C4F4249EC6}.Debug|Any CPU.ActiveCfg = Debug|Any CPU
		{7B31ABB2-3D50-4A65-91FF-03C4F4249EC6}.Debug|Any CPU.Build.0 = Debug|Any CPU
		{7B31ABB2-3D50-4A65-91FF-03C4F4249EC6}.Debug|x64.ActiveCfg = Debug|Any CPU
		{7B31ABB2-3D50-4A65-91FF-03C4F4249EC6}.Debug|x64.Build.0 = Debug|Any CPU
		{7B31ABB2-3D50-4A65-91FF-03C4F4249EC6}.Debug|x86.ActiveCfg = Debug|Any CPU
		{7B31ABB2-3D50-4A65-91FF-03C4F4249EC6}.Debug|x86.Build.0 = Debug|Any CPU
		{7B31ABB2-3D50-4A65-91FF-03C4F4249EC6}.Release|Any CPU.ActiveCfg = Release|Any CPU
		{7B31ABB2-3D50-4A65-91FF-03C4F4249EC6}.Release|Any CPU.Build.0 = Release|Any CPU
		{7B31ABB2-3D50-4A65-91FF-03C4F4249EC6}.Release|x64.ActiveCfg = Release|Any CPU
		{7B31ABB2-3D50-4A65-91FF-03C4F4249EC6}.Release|x64.Build.0 = Release|Any CPU
		{7B31ABB2-3D50-4A65-91FF-03C4F4249EC6}.Release|x86.ActiveCfg = Release|Any CPU
		{7B31ABB2-3D50-4A65-91FF-03C4F4249EC6}.Release|x86.Build.0 = Release|Any CPU
		{CF3F2C9C-2743-4105-ACB1-DE38D6C4D09F}.Debug|Any CPU.ActiveCfg = Debug|Any CPU
		{CF3F2C9C-2743-4105-ACB1-DE38D6C4D09F}.Debug|Any CPU.Build.0 = Debug|Any CPU
		{CF3F2C9C-2743-4105-ACB1-DE38D6C4D09F}.Debug|x64.ActiveCfg = Debug|Any CPU
		{CF3F2C9C-2743-4105-ACB1-DE38D6C4D09F}.Debug|x64.Build.0 = Debug|Any CPU
		{CF3F2C9C-2743-4105-ACB1-DE38D6C4D09F}.Debug|x86.ActiveCfg = Debug|Any CPU
		{CF3F2C9C-2743-4105-ACB1-DE38D6C4D09F}.Debug|x86.Build.0 = Debug|Any CPU
		{CF3F2C9C-2743-4105-ACB1-DE38D6C4D09F}.Release|Any CPU.ActiveCfg = Release|Any CPU
		{CF3F2C9C-2743-4105-ACB1-DE38D6C4D09F}.Release|Any CPU.Build.0 = Release|Any CPU
		{CF3F2C9C-2743-4105-ACB1-DE38D6C4D09F}.Release|x64.ActiveCfg = Release|Any CPU
		{CF3F2C9C-2743-4105-ACB1-DE38D6C4D09F}.Release|x64.Build.0 = Release|Any CPU
		{CF3F2C9C-2743-4105-ACB1-DE38D6C4D09F}.Release|x86.ActiveCfg = Release|Any CPU
		{CF3F2C9C-2743-4105-ACB1-DE38D6C4D09F}.Release|x86.Build.0 = Release|Any CPU
	EndGlobalSection
	GlobalSection(SolutionProperties) = preSolution
		HideSolutionNode = FALSE
	EndGlobalSection
	GlobalSection(NestedProjects) = preSolution
		{9C9EC635-8868-41C4-8456-97A87D593D2F} = {7A363536-007B-4EBF-93DD-230BE5F745AC}
		{217444DB-7A54-4675-8750-90E147A02695} = {7A363536-007B-4EBF-93DD-230BE5F745AC}
		{46EADA2C-9DC8-419C-86C6-1BA3FA9E5817} = {7A363536-007B-4EBF-93DD-230BE5F745AC}
		{7B31ABB2-3D50-4A65-91FF-03C4F4249EC6} = {7A363536-007B-4EBF-93DD-230BE5F745AC}
	EndGlobalSection
	GlobalSection(ExtensibilityGlobals) = postSolution
		SolutionGuid = {5941CB18-F63A-45A4-9C63-57A9D0CDEE08}
	EndGlobalSection
EndGlobal
